// !$*UTF8*$!
{
	archiveVersion = 1;
	classes = {
	};
	objectVersion = 55;
	objects = {

/* Begin PBXBuildFile section */
		F69025A42756E25B00BAA345 /* LandmarksApp.swift in Sources */ = {isa = PBXBuildFile; fileRef = F69025A32756E25B00BAA345 /* LandmarksApp.swift */; };
		F69025A62756E25B00BAA345 /* ContentView.swift in Sources */ = {isa = PBXBuildFile; fileRef = F69025A52756E25B00BAA345 /* ContentView.swift */; };
		F69025A82756E26100BAA345 /* Assets.xcassets in Resources */ = {isa = PBXBuildFile; fileRef = F69025A72756E26100BAA345 /* Assets.xcassets */; };
		F69025AB2756E26100BAA345 /* Preview Assets.xcassets in Resources */ = {isa = PBXBuildFile; fileRef = F69025AA2756E26100BAA345 /* Preview Assets.xcassets */; };
		F69025B52756E26100BAA345 /* LandmarksTests.swift in Sources */ = {isa = PBXBuildFile; fileRef = F69025B42756E26100BAA345 /* LandmarksTests.swift */; };
		F69025BF2756E26100BAA345 /* LandmarksUITests.swift in Sources */ = {isa = PBXBuildFile; fileRef = F69025BE2756E26100BAA345 /* LandmarksUITests.swift */; };
		F69025C12756E26100BAA345 /* LandmarksUITestsLaunchTests.swift in Sources */ = {isa = PBXBuildFile; fileRef = F69025C02756E26100BAA345 /* LandmarksUITestsLaunchTests.swift */; };
		F6BD77D62758249700BC7078 /* landmarkData.json in Resources */ = {isa = PBXBuildFile; fileRef = F6BD77D52758249700BC7078 /* landmarkData.json */; };
		F6BD77D8275824CE00BC7078 /* Landmark.swift in Sources */ = {isa = PBXBuildFile; fileRef = F6BD77D7275824CE00BC7078 /* Landmark.swift */; };
		F6BD77DA275829FC00BC7078 /* ModelData.swift in Sources */ = {isa = PBXBuildFile; fileRef = F6BD77D9275829FC00BC7078 /* ModelData.swift */; };
		F6CF3E742756E9820044976E /* CircleImage.swift in Sources */ = {isa = PBXBuildFile; fileRef = F6CF3E732756E9820044976E /* CircleImage.swift */; };
		F6CF3E752756E9820044976E /* CircleImage.swift in Sources */ = {isa = PBXBuildFile; fileRef = F6CF3E732756E9820044976E /* CircleImage.swift */; };
		F6CF3E762756E9820044976E /* CircleImage.swift in Sources */ = {isa = PBXBuildFile; fileRef = F6CF3E732756E9820044976E /* CircleImage.swift */; };
		F6CF3E782756ECF80044976E /* MapView.swift in Sources */ = {isa = PBXBuildFile; fileRef = F6CF3E772756ECF80044976E /* MapView.swift */; };
		F6CF3E792756ECF80044976E /* MapView.swift in Sources */ = {isa = PBXBuildFile; fileRef = F6CF3E772756ECF80044976E /* MapView.swift */; };
		F6CF3E7A2756ECF80044976E /* MapView.swift in Sources */ = {isa = PBXBuildFile; fileRef = F6CF3E772756ECF80044976E /* MapView.swift */; };
/* End PBXBuildFile section */

/* Begin PBXContainerItemProxy section */
		F69025B12756E26100BAA345 /* PBXContainerItemProxy */ = {
			isa = PBXContainerItemProxy;
			containerPortal = F69025982756E25B00BAA345 /* Project object */;
			proxyType = 1;
			remoteGlobalIDString = F690259F2756E25B00BAA345;
			remoteInfo = Landmarks;
		};
		F69025BB2756E26100BAA345 /* PBXContainerItemProxy */ = {
			isa = PBXContainerItemProxy;
			containerPortal = F69025982756E25B00BAA345 /* Project object */;
			proxyType = 1;
			remoteGlobalIDString = F690259F2756E25B00BAA345;
			remoteInfo = Landmarks;
		};
/* End PBXContainerItemProxy section */

/* Begin PBXFileReference section */
		F69025A02756E25B00BAA345 /* Landmarks.app */ = {isa = PBXFileReference; explicitFileType = wrapper.application; includeInIndex = 0; path = Landmarks.app; sourceTree = BUILT_PRODUCTS_DIR; };
		F69025A32756E25B00BAA345 /* LandmarksApp.swift */ = {isa = PBXFileReference; lastKnownFileType = sourcecode.swift; path = LandmarksApp.swift; sourceTree = "<group>"; };
		F69025A52756E25B00BAA345 /* ContentView.swift */ = {isa = PBXFileReference; lastKnownFileType = sourcecode.swift; path = ContentView.swift; sourceTree = "<group>"; };
		F69025A72756E26100BAA345 /* Assets.xcassets */ = {isa = PBXFileReference; lastKnownFileType = folder.assetcatalog; path = Assets.xcassets; sourceTree = "<group>"; };
		F69025AA2756E26100BAA345 /* Preview Assets.xcassets */ = {isa = PBXFileReference; lastKnownFileType = folder.assetcatalog; path = "Preview Assets.xcassets"; sourceTree = "<group>"; };
		F69025B02756E26100BAA345 /* LandmarksTests.xctest */ = {isa = PBXFileReference; explicitFileType = wrapper.cfbundle; includeInIndex = 0; path = LandmarksTests.xctest; sourceTree = BUILT_PRODUCTS_DIR; };
		F69025B42756E26100BAA345 /* LandmarksTests.swift */ = {isa = PBXFileReference; lastKnownFileType = sourcecode.swift; path = LandmarksTests.swift; sourceTree = "<group>"; };
		F69025BA2756E26100BAA345 /* LandmarksUITests.xctest */ = {isa = PBXFileReference; explicitFileType = wrapper.cfbundle; includeInIndex = 0; path = LandmarksUITests.xctest; sourceTree = BUILT_PRODUCTS_DIR; };
		F69025BE2756E26100BAA345 /* LandmarksUITests.swift */ = {isa = PBXFileReference; lastKnownFileType = sourcecode.swift; path = LandmarksUITests.swift; sourceTree = "<group>"; };
		F69025C02756E26100BAA345 /* LandmarksUITestsLaunchTests.swift */ = {isa = PBXFileReference; lastKnownFileType = sourcecode.swift; path = LandmarksUITestsLaunchTests.swift; sourceTree = "<group>"; };
		F6BD77D52758249700BC7078 /* landmarkData.json */ = {isa = PBXFileReference; fileEncoding = 4; lastKnownFileType = text.json; path = landmarkData.json; sourceTree = "<group>"; };
		F6BD77D7275824CE00BC7078 /* Landmark.swift */ = {isa = PBXFileReference; lastKnownFileType = sourcecode.swift; path = Landmark.swift; sourceTree = "<group>"; };
		F6BD77D9275829FC00BC7078 /* ModelData.swift */ = {isa = PBXFileReference; lastKnownFileType = sourcecode.swift; path = ModelData.swift; sourceTree = "<group>"; };
		F6CF3E732756E9820044976E /* CircleImage.swift */ = {isa = PBXFileReference; lastKnownFileType = sourcecode.swift; path = CircleImage.swift; sourceTree = "<group>"; };
		F6CF3E772756ECF80044976E /* MapView.swift */ = {isa = PBXFileReference; lastKnownFileType = sourcecode.swift; path = MapView.swift; sourceTree = "<group>"; };
/* End PBXFileReference section */

/* Begin PBXFrameworksBuildPhase section */
		F690259D2756E25B00BAA345 /* Frameworks */ = {
			isa = PBXFrameworksBuildPhase;
			buildActionMask = 2147483647;
			files = (
			);
			runOnlyForDeploymentPostprocessing = 0;
		};
		F69025AD2756E26100BAA345 /* Frameworks */ = {
			isa = PBXFrameworksBuildPhase;
			buildActionMask = 2147483647;
			files = (
			);
			runOnlyForDeploymentPostprocessing = 0;
		};
		F69025B72756E26100BAA345 /* Frameworks */ = {
			isa = PBXFrameworksBuildPhase;
			buildActionMask = 2147483647;
			files = (
			);
			runOnlyForDeploymentPostprocessing = 0;
		};
/* End PBXFrameworksBuildPhase section */

/* Begin PBXGroup section */
		F69025972756E25B00BAA345 = {
			isa = PBXGroup;
			children = (
				F69025A22756E25B00BAA345 /* Landmarks */,
				F69025B32756E26100BAA345 /* LandmarksTests */,
				F69025BD2756E26100BAA345 /* LandmarksUITests */,
				F69025A12756E25B00BAA345 /* Products */,
			);
			sourceTree = "<group>";
		};
		F69025A12756E25B00BAA345 /* Products */ = {
			isa = PBXGroup;
			children = (
				F69025A02756E25B00BAA345 /* Landmarks.app */,
				F69025B02756E26100BAA345 /* LandmarksTests.xctest */,
				F69025BA2756E26100BAA345 /* LandmarksUITests.xctest */,
			);
			name = Products;
			sourceTree = "<group>";
		};
		F69025A22756E25B00BAA345 /* Landmarks */ = {
			isa = PBXGroup;
			children = (
				F69025A32756E25B00BAA345 /* LandmarksApp.swift */,
				F6BD77DC27582AC000BC7078 /* Model */,
				F6BD77DB27582AA700BC7078 /* Views */,
				F6BD77DD27582AF300BC7078 /* Resources */,
				F69025A72756E26100BAA345 /* Assets.xcassets */,
				F69025A92756E26100BAA345 /* Preview Content */,
			);
			path = Landmarks;
			sourceTree = "<group>";
		};
		F69025A92756E26100BAA345 /* Preview Content */ = {
			isa = PBXGroup;
			children = (
				F69025AA2756E26100BAA345 /* Preview Assets.xcassets */,
			);
			path = "Preview Content";
			sourceTree = "<group>";
		};
		F69025B32756E26100BAA345 /* LandmarksTests */ = {
			isa = PBXGroup;
			children = (
				F69025B42756E26100BAA345 /* LandmarksTests.swift */,
			);
			path = LandmarksTests;
			sourceTree = "<group>";
		};
		F69025BD2756E26100BAA345 /* LandmarksUITests */ = {
			isa = PBXGroup;
			children = (
				F69025BE2756E26100BAA345 /* LandmarksUITests.swift */,
				F69025C02756E26100BAA345 /* LandmarksUITestsLaunchTests.swift */,
			);
			path = LandmarksUITests;
			sourceTree = "<group>";
		};
		F6BD77DB27582AA700BC7078 /* Views */ = {
			isa = PBXGroup;
			children = (
				F69025A52756E25B00BAA345 /* ContentView.swift */,
				F6CF3E772756ECF80044976E /* MapView.swift */,
				F6CF3E732756E9820044976E /* CircleImage.swift */,
			);
			path = Views;
			sourceTree = "<group>";
		};
		F6BD77DC27582AC000BC7078 /* Model */ = {
			isa = PBXGroup;
			children = (
				F6BD77D7275824CE00BC7078 /* Landmark.swift */,
				F6BD77D9275829FC00BC7078 /* ModelData.swift */,
			);
			path = Model;
			sourceTree = "<group>";
		};
		F6BD77DD27582AF300BC7078 /* Resources */ = {
			isa = PBXGroup;
			children = (
				F6BD77D52758249700BC7078 /* landmarkData.json */,
			);
			path = Resources;
			sourceTree = "<group>";
		};
/* End PBXGroup section */

/* Begin PBXNativeTarget section */
		F690259F2756E25B00BAA345 /* Landmarks */ = {
			isa = PBXNativeTarget;
			buildConfigurationList = F69025C42756E26100BAA345 /* Build configuration list for PBXNativeTarget "Landmarks" */;
			buildPhases = (
				F690259C2756E25B00BAA345 /* Sources */,
				F690259D2756E25B00BAA345 /* Frameworks */,
				F690259E2756E25B00BAA345 /* Resources */,
			);
			buildRules = (
			);
			dependencies = (
			);
			name = Landmarks;
			productName = Landmarks;
			productReference = F69025A02756E25B00BAA345 /* Landmarks.app */;
			productType = "com.apple.product-type.application";
		};
		F69025AF2756E26100BAA345 /* LandmarksTests */ = {
			isa = PBXNativeTarget;
			buildConfigurationList = F69025C72756E26100BAA345 /* Build configuration list for PBXNativeTarget "LandmarksTests" */;
			buildPhases = (
				F69025AC2756E26100BAA345 /* Sources */,
				F69025AD2756E26100BAA345 /* Frameworks */,
				F69025AE2756E26100BAA345 /* Resources */,
			);
			buildRules = (
			);
			dependencies = (
				F69025B22756E26100BAA345 /* PBXTargetDependency */,
			);
			name = LandmarksTests;
			productName = LandmarksTests;
			productReference = F69025B02756E26100BAA345 /* LandmarksTests.xctest */;
			productType = "com.apple.product-type.bundle.unit-test";
		};
		F69025B92756E26100BAA345 /* LandmarksUITests */ = {
			isa = PBXNativeTarget;
			buildConfigurationList = F69025CA2756E26100BAA345 /* Build configuration list for PBXNativeTarget "LandmarksUITests" */;
			buildPhases = (
				F69025B62756E26100BAA345 /* Sources */,
				F69025B72756E26100BAA345 /* Frameworks */,
				F69025B82756E26100BAA345 /* Resources */,
			);
			buildRules = (
			);
			dependencies = (
				F69025BC2756E26100BAA345 /* PBXTargetDependency */,
			);
			name = LandmarksUITests;
			productName = LandmarksUITests;
			productReference = F69025BA2756E26100BAA345 /* LandmarksUITests.xctest */;
			productType = "com.apple.product-type.bundle.ui-testing";
		};
/* End PBXNativeTarget section */

/* Begin PBXProject section */
		F69025982756E25B00BAA345 /* Project object */ = {
			isa = PBXProject;
			attributes = {
				BuildIndependentTargetsInParallel = 1;
				LastSwiftUpdateCheck = 1310;
				LastUpgradeCheck = 1310;
				TargetAttributes = {
					F690259F2756E25B00BAA345 = {
						CreatedOnToolsVersion = 13.1;
					};
					F69025AF2756E26100BAA345 = {
						CreatedOnToolsVersion = 13.1;
						TestTargetID = F690259F2756E25B00BAA345;
					};
					F69025B92756E26100BAA345 = {
						CreatedOnToolsVersion = 13.1;
						TestTargetID = F690259F2756E25B00BAA345;
					};
				};
			};
			buildConfigurationList = F690259B2756E25B00BAA345 /* Build configuration list for PBXProject "Landmarks" */;
			compatibilityVersion = "Xcode 13.0";
			developmentRegion = en;
			hasScannedForEncodings = 0;
			knownRegions = (
				en,
				Base,
			);
			mainGroup = F69025972756E25B00BAA345;
			productRefGroup = F69025A12756E25B00BAA345 /* Products */;
			projectDirPath = "";
			projectRoot = "";
			targets = (
				F690259F2756E25B00BAA345 /* Landmarks */,
				F69025AF2756E26100BAA345 /* LandmarksTests */,
				F69025B92756E26100BAA345 /* LandmarksUITests */,
			);
		};
/* End PBXProject section */

/* Begin PBXResourcesBuildPhase section */
		F690259E2756E25B00BAA345 /* Resources */ = {
			isa = PBXResourcesBuildPhase;
			buildActionMask = 2147483647;
			files = (
				F69025AB2756E26100BAA345 /* Preview Assets.xcassets in Resources */,
				F69025A82756E26100BAA345 /* Assets.xcassets in Resources */,
				F6BD77D62758249700BC7078 /* landmarkData.json in Resources */,
			);
			runOnlyForDeploymentPostprocessing = 0;
		};
		F69025AE2756E26100BAA345 /* Resources */ = {
			isa = PBXResourcesBuildPhase;
			buildActionMask = 2147483647;
			files = (
			);
			runOnlyForDeploymentPostprocessing = 0;
		};
		F69025B82756E26100BAA345 /* Resources */ = {
			isa = PBXResourcesBuildPhase;
			buildActionMask = 2147483647;
			files = (
			);
			runOnlyForDeploymentPostprocessing = 0;
		};
/* End PBXResourcesBuildPhase section */

/* Begin PBXSourcesBuildPhase section */
		F690259C2756E25B00BAA345 /* Sources */ = {
			isa = PBXSourcesBuildPhase;
			buildActionMask = 2147483647;
			files = (
				F69025A62756E25B00BAA345 /* ContentView.swift in Sources */,
				F6CF3E782756ECF80044976E /* MapView.swift in Sources */,
				F69025A42756E25B00BAA345 /* LandmarksApp.swift in Sources */,
				F6CF3E742756E9820044976E /* CircleImage.swift in Sources */,
				F6BD77D8275824CE00BC7078 /* Landmark.swift in Sources */,
				F6BD77DA275829FC00BC7078 /* ModelData.swift in Sources */,
			);
			runOnlyForDeploymentPostprocessing = 0;
		};
		F69025AC2756E26100BAA345 /* Sources */ = {
			isa = PBXSourcesBuildPhase;
			buildActionMask = 2147483647;
			files = (
				F69025B52756E26100BAA345 /* LandmarksTests.swift in Sources */,
				F6CF3E792756ECF80044976E /* MapView.swift in Sources */,
				F6CF3E752756E9820044976E /* CircleImage.swift in Sources */,
			);
			runOnlyForDeploymentPostprocessing = 0;
		};
		F69025B62756E26100BAA345 /* Sources */ = {
			isa = PBXSourcesBuildPhase;
			buildActionMask = 2147483647;
			files = (
				F69025C12756E26100BAA345 /* LandmarksUITestsLaunchTests.swift in Sources */,
				F6CF3E7A2756ECF80044976E /* MapView.swift in Sources */,
				F69025BF2756E26100BAA345 /* LandmarksUITests.swift in Sources */,
				F6CF3E762756E9820044976E /* CircleImage.swift in Sources */,
			);
			runOnlyForDeploymentPostprocessing = 0;
		};
/* End PBXSourcesBuildPhase section */

/* Begin PBXTargetDependency section */
		F69025B22756E26100BAA345 /* PBXTargetDependency */ = {
			isa = PBXTargetDependency;
			target = F690259F2756E25B00BAA345 /* Landmarks */;
			targetProxy = F69025B12756E26100BAA345 /* PBXContainerItemProxy */;
		};
		F69025BC2756E26100BAA345 /* PBXTargetDependency */ = {
			isa = PBXTargetDependency;
			target = F690259F2756E25B00BAA345 /* Landmarks */;
			targetProxy = F69025BB2756E26100BAA345 /* PBXContainerItemProxy */;
		};
/* End PBXTargetDependency section */

/* Begin XCBuildConfiguration section */
		F69025C22756E26100BAA345 /* Debug */ = {
			isa = XCBuildConfiguration;
			buildSettings = {
				ALWAYS_SEARCH_USER_PATHS = NO;
				CLANG_ANALYZER_NONNULL = YES;
				CLANG_ANALYZER_NUMBER_OBJECT_CONVERSION = YES_AGGRESSIVE;
				CLANG_CXX_LANGUAGE_STANDARD = "gnu++17";
				CLANG_CXX_LIBRARY = "libc++";
				CLANG_ENABLE_MODULES = YES;
				CLANG_ENABLE_OBJC_ARC = YES;
				CLANG_ENABLE_OBJC_WEAK = YES;
				CLANG_WARN_BLOCK_CAPTURE_AUTORELEASING = YES;
				CLANG_WARN_BOOL_CONVERSION = YES;
				CLANG_WARN_COMMA = YES;
				CLANG_WARN_CONSTANT_CONVERSION = YES;
				CLANG_WARN_DEPRECATED_OBJC_IMPLEMENTATIONS = YES;
				CLANG_WARN_DIRECT_OBJC_ISA_USAGE = YES_ERROR;
				CLANG_WARN_DOCUMENTATION_COMMENTS = YES;
				CLANG_WARN_EMPTY_BODY = YES;
				CLANG_WARN_ENUM_CONVERSION = YES;
				CLANG_WARN_INFINITE_RECURSION = YES;
				CLANG_WARN_INT_CONVERSION = YES;
				CLANG_WARN_NON_LITERAL_NULL_CONVERSION = YES;
				CLANG_WARN_OBJC_IMPLICIT_RETAIN_SELF = YES;
				CLANG_WARN_OBJC_LITERAL_CONVERSION = YES;
				CLANG_WARN_OBJC_ROOT_CLASS = YES_ERROR;
				CLANG_WARN_QUOTED_INCLUDE_IN_FRAMEWORK_HEADER = YES;
				CLANG_WARN_RANGE_LOOP_ANALYSIS = YES;
				CLANG_WARN_STRICT_PROTOTYPES = YES;
				CLANG_WARN_SUSPICIOUS_MOVE = YES;
				CLANG_WARN_UNGUARDED_AVAILABILITY = YES_AGGRESSIVE;
				CLANG_WARN_UNREACHABLE_CODE = YES;
				CLANG_WARN__DUPLICATE_METHOD_MATCH = YES;
				COPY_PHASE_STRIP = NO;
				DEBUG_INFORMATION_FORMAT = dwarf;
				ENABLE_STRICT_OBJC_MSGSEND = YES;
				ENABLE_TESTABILITY = YES;
				GCC_C_LANGUAGE_STANDARD = gnu11;
				GCC_DYNAMIC_NO_PIC = NO;
				GCC_NO_COMMON_BLOCKS = YES;
				GCC_OPTIMIZATION_LEVEL = 0;
				GCC_PREPROCESSOR_DEFINITIONS = (
					"DEBUG=1",
					"$(inherited)",
				);
				GCC_WARN_64_TO_32_BIT_CONVERSION = YES;
				GCC_WARN_ABOUT_RETURN_TYPE = YES_ERROR;
				GCC_WARN_UNDECLARED_SELECTOR = YES;
				GCC_WARN_UNINITIALIZED_AUTOS = YES_AGGRESSIVE;
				GCC_WARN_UNUSED_FUNCTION = YES;
				GCC_WARN_UNUSED_VARIABLE = YES;
				IPHONEOS_DEPLOYMENT_TARGET = 15.0;
				MTL_ENABLE_DEBUG_INFO = INCLUDE_SOURCE;
				MTL_FAST_MATH = YES;
				ONLY_ACTIVE_ARCH = YES;
				SDKROOT = iphoneos;
				SWIFT_ACTIVE_COMPILATION_CONDITIONS = DEBUG;
				SWIFT_OPTIMIZATION_LEVEL = "-Onone";
			};
			name = Debug;
		};
		F69025C32756E26100BAA345 /* Release */ = {
			isa = XCBuildConfiguration;
			buildSettings = {
				ALWAYS_SEARCH_USER_PATHS = NO;
				CLANG_ANALYZER_NONNULL = YES;
				CLANG_ANALYZER_NUMBER_OBJECT_CONVERSION = YES_AGGRESSIVE;
				CLANG_CXX_LANGUAGE_STANDARD = "gnu++17";
				CLANG_CXX_LIBRARY = "libc++";
				CLANG_ENABLE_MODULES = YES;
				CLANG_ENABLE_OBJC_ARC = YES;
				CLANG_ENABLE_OBJC_WEAK = YES;
				CLANG_WARN_BLOCK_CAPTURE_AUTORELEASING = YES;
				CLANG_WARN_BOOL_CONVERSION = YES;
				CLANG_WARN_COMMA = YES;
				CLANG_WARN_CONSTANT_CONVERSION = YES;
				CLANG_WARN_DEPRECATED_OBJC_IMPLEMENTATIONS = YES;
				CLANG_WARN_DIRECT_OBJC_ISA_USAGE = YES_ERROR;
				CLANG_WARN_DOCUMENTATION_COMMENTS = YES;
				CLANG_WARN_EMPTY_BODY = YES;
				CLANG_WARN_ENUM_CONVERSION = YES;
				CLANG_WARN_INFINITE_RECURSION = YES;
				CLANG_WARN_INT_CONVERSION = YES;
				CLANG_WARN_NON_LITERAL_NULL_CONVERSION = YES;
				CLANG_WARN_OBJC_IMPLICIT_RETAIN_SELF = YES;
				CLANG_WARN_OBJC_LITERAL_CONVERSION = YES;
				CLANG_WARN_OBJC_ROOT_CLASS = YES_ERROR;
				CLANG_WARN_QUOTED_INCLUDE_IN_FRAMEWORK_HEADER = YES;
				CLANG_WARN_RANGE_LOOP_ANALYSIS = YES;
				CLANG_WARN_STRICT_PROTOTYPES = YES;
				CLANG_WARN_SUSPICIOUS_MOVE = YES;
				CLANG_WARN_UNGUARDED_AVAILABILITY = YES_AGGRESSIVE;
				CLANG_WARN_UNREACHABLE_CODE = YES;
				CLANG_WARN__DUPLICATE_METHOD_MATCH = YES;
				COPY_PHASE_STRIP = NO;
				DEBUG_INFORMATION_FORMAT = "dwarf-with-dsym";
				ENABLE_NS_ASSERTIONS = NO;
				ENABLE_STRICT_OBJC_MSGSEND = YES;
				GCC_C_LANGUAGE_STANDARD = gnu11;
				GCC_NO_COMMON_BLOCKS = YES;
				GCC_WARN_64_TO_32_BIT_CONVERSION = YES;
				GCC_WARN_ABOUT_RETURN_TYPE = YES_ERROR;
				GCC_WARN_UNDECLARED_SELECTOR = YES;
				GCC_WARN_UNINITIALIZED_AUTOS = YES_AGGRESSIVE;
				GCC_WARN_UNUSED_FUNCTION = YES;
				GCC_WARN_UNUSED_VARIABLE = YES;
				IPHONEOS_DEPLOYMENT_TARGET = 15.0;
				MTL_ENABLE_DEBUG_INFO = NO;
				MTL_FAST_MATH = YES;
				SDKROOT = iphoneos;
				SWIFT_COMPILATION_MODE = wholemodule;
				SWIFT_OPTIMIZATION_LEVEL = "-O";
				VALIDATE_PRODUCT = YES;
			};
			name = Release;
		};
		F69025C52756E26100BAA345 /* Debug */ = {
			isa = XCBuildConfiguration;
			buildSettings = {
				ASSETCATALOG_COMPILER_APPICON_NAME = AppIcon;
				ASSETCATALOG_COMPILER_GLOBAL_ACCENT_COLOR_NAME = AccentColor;
				CODE_SIGN_STYLE = Automatic;
				CURRENT_PROJECT_VERSION = 1;
				DEVELOPMENT_ASSET_PATHS = "\"Landmarks/Preview Content\"";
				ENABLE_PREVIEWS = YES;
				GENERATE_INFOPLIST_FILE = YES;
				INFOPLIST_KEY_UIApplicationSceneManifest_Generation = YES;
				INFOPLIST_KEY_UIApplicationSupportsIndirectInputEvents = YES;
				INFOPLIST_KEY_UILaunchScreen_Generation = YES;
				INFOPLIST_KEY_UISupportedInterfaceOrientations_iPad = "UIInterfaceOrientationPortrait UIInterfaceOrientationPortraitUpsideDown UIInterfaceOrientationLandscapeLeft UIInterfaceOrientationLandscapeRight";
				INFOPLIST_KEY_UISupportedInterfaceOrientations_iPhone = "UIInterfaceOrientationPortrait UIInterfaceOrientationLandscapeLeft UIInterfaceOrientationLandscapeRight";
				LD_RUNPATH_SEARCH_PATHS = (
					"$(inherited)",
					"@executable_path/Frameworks",
				);
				MARKETING_VERSION = 1.0;
				PRODUCT_BUNDLE_IDENTIFIER = Territories.Landmarks;
				PRODUCT_NAME = "$(TARGET_NAME)";
				SWIFT_EMIT_LOC_STRINGS = YES;
				SWIFT_VERSION = 5.0;
				TARGETED_DEVICE_FAMILY = "1,2";
			};
			name = Debug;
		};
		F69025C62756E26100BAA345 /* Release */ = {
			isa = XCBuildConfiguration;
			buildSettings = {
				ASSETCATALOG_COMPILER_APPICON_NAME = AppIcon;
				ASSETCATALOG_COMPILER_GLOBAL_ACCENT_COLOR_NAME = AccentColor;
				CODE_SIGN_STYLE = Automatic;
				CURRENT_PROJECT_VERSION = 1;
				DEVELOPMENT_ASSET_PATHS = "\"Landmarks/Preview Content\"";
				ENABLE_PREVIEWS = YES;
				GENERATE_INFOPLIST_FILE = YES;
				INFOPLIST_KEY_UIApplicationSceneManifest_Generation = YES;
				INFOPLIST_KEY_UIApplicationSupportsIndirectInputEvents = YES;
				INFOPLIST_KEY_UILaunchScreen_Generation = YES;
				INFOPLIST_KEY_UISupportedInterfaceOrientations_iPad = "UIInterfaceOrientationPortrait UIInterfaceOrientationPortraitUpsideDown UIInterfaceOrientationLandscapeLeft UIInterfaceOrientationLandscapeRight";
				INFOPLIST_KEY_UISupportedInterfaceOrientations_iPhone = "UIInterfaceOrientationPortrait UIInterfaceOrientationLandscapeLeft UIInterfaceOrientationLandscapeRight";
				LD_RUNPATH_SEARCH_PATHS = (
					"$(inherited)",
					"@executable_path/Frameworks",
				);
				MARKETING_VERSION = 1.0;
				PRODUCT_BUNDLE_IDENTIFIER = Territories.Landmarks;
				PRODUCT_NAME = "$(TARGET_NAME)";
				SWIFT_EMIT_LOC_STRINGS = YES;
				SWIFT_VERSION = 5.0;
				TARGETED_DEVICE_FAMILY = "1,2";
			};
			name = Release;
		};
		F69025C82756E26100BAA345 /* Debug */ = {
			isa = XCBuildConfiguration;
			buildSettings = {
				ALWAYS_EMBED_SWIFT_STANDARD_LIBRARIES = YES;
				BUNDLE_LOADER = "$(TEST_HOST)";
				CODE_SIGN_STYLE = Automatic;
				CURRENT_PROJECT_VERSION = 1;
				GENERATE_INFOPLIST_FILE = YES;
				IPHONEOS_DEPLOYMENT_TARGET = 15.0;
				LD_RUNPATH_SEARCH_PATHS = (
					"$(inherited)",
					"@executable_path/Frameworks",
					"@loader_path/Frameworks",
				);
				MARKETING_VERSION = 1.0;
				PRODUCT_BUNDLE_IDENTIFIER = Territories.LandmarksTests;
				PRODUCT_NAME = "$(TARGET_NAME)";
				SWIFT_EMIT_LOC_STRINGS = NO;
				SWIFT_VERSION = 5.0;
				TARGETED_DEVICE_FAMILY = "1,2";
				TEST_HOST = "$(BUILT_PRODUCTS_DIR)/Landmarks.app/Landmarks";
			};
			name = Debug;
		};
		F69025C92756E26100BAA345 /* Release */ = {
			isa = XCBuildConfiguration;
			buildSettings = {
				ALWAYS_EMBED_SWIFT_STANDARD_LIBRARIES = YES;
				BUNDLE_LOADER = "$(TEST_HOST)";
				CODE_SIGN_STYLE = Automatic;
				CURRENT_PROJECT_VERSION = 1;
				GENERATE_INFOPLIST_FILE = YES;
				IPHONEOS_DEPLOYMENT_TARGET = 15.0;
				LD_RUNPATH_SEARCH_PATHS = (
					"$(inherited)",
					"@executable_path/Frameworks",
					"@loader_path/Frameworks",
				);
				MARKETING_VERSION = 1.0;
				PRODUCT_BUNDLE_IDENTIFIER = Territories.LandmarksTests;
				PRODUCT_NAME = "$(TARGET_NAME)";
				SWIFT_EMIT_LOC_STRINGS = NO;
				SWIFT_VERSION = 5.0;
				TARGETED_DEVICE_FAMILY = "1,2";
				TEST_HOST = "$(BUILT_PRODUCTS_DIR)/Landmarks.app/Landmarks";
			};
			name = Release;
		};
		F69025CB2756E26100BAA345 /* Debug */ = {
			isa = XCBuildConfiguration;
			buildSettings = {
				ALWAYS_EMBED_SWIFT_STANDARD_LIBRARIES = YES;
				CODE_SIGN_STYLE = Automatic;
				CURRENT_PROJECT_VERSION = 1;
				GENERATE_INFOPLIST_FILE = YES;
				LD_RUNPATH_SEARCH_PATHS = (
					"$(inherited)",
					"@executable_path/Frameworks",
					"@loader_path/Frameworks",
				);
				MARKETING_VERSION = 1.0;
				PRODUCT_BUNDLE_IDENTIFIER = Territories.LandmarksUITests;
				PRODUCT_NAME = "$(TARGET_NAME)";
				SWIFT_EMIT_LOC_STRINGS = NO;
				SWIFT_VERSION = 5.0;
				TARGETED_DEVICE_FAMILY = "1,2";
				TEST_TARGET_NAME = Landmarks;
			};
			name = Debug;
		};
		F69025CC2756E26100BAA345 /* Release */ = {
			isa = XCBuildConfiguration;
			buildSettings = {
				ALWAYS_EMBED_SWIFT_STANDARD_LIBRARIES = YES;
				CODE_SIGN_STYLE = Automatic;
				CURRENT_PROJECT_VERSION = 1;
				GENERATE_INFOPLIST_FILE = YES;
				LD_RUNPATH_SEARCH_PATHS = (
					"$(inherited)",
					"@executable_path/Frameworks",
					"@loader_path/Frameworks",
				);
				MARKETING_VERSION = 1.0;
				PRODUCT_BUNDLE_IDENTIFIER = Territories.LandmarksUITests;
				PRODUCT_NAME = "$(TARGET_NAME)";
				SWIFT_EMIT_LOC_STRINGS = NO;
				SWIFT_VERSION = 5.0;
				TARGETED_DEVICE_FAMILY = "1,2";
				TEST_TARGET_NAME = Landmarks;
			};
			name = Release;
		};
/* End XCBuildConfiguration section */

/* Begin XCConfigurationList section */
		F690259B2756E25B00BAA345 /* Build configuration list for PBXProject "Landmarks" */ = {
			isa = XCConfigurationList;
			buildConfigurations = (
				F69025C22756E26100BAA345 /* Debug */,
				F69025C32756E26100BAA345 /* Release */,
			);
			defaultConfigurationIsVisible = 0;
			defaultConfigurationName = Release;
		};
		F69025C42756E26100BAA345 /* Build configuration list for PBXNativeTarget "Landmarks" */ = {
			isa = XCConfigurationList;
			buildConfigurations = (
				F69025C52756E26100BAA345 /* Debug */,
				F69025C62756E26100BAA345 /* Release */,
			);
			defaultConfigurationIsVisible = 0;
			defaultConfigurationName = Release;
		};
		F69025C72756E26100BAA345 /* Build configuration list for PBXNativeTarget "LandmarksTests" */ = {
			isa = XCConfigurationList;
			buildConfigurations = (
				F69025C82756E26100BAA345 /* Debug */,
				F69025C92756E26100BAA345 /* Release */,
			);
			defaultConfigurationIsVisible = 0;
			defaultConfigurationName = Release;
		};
		F69025CA2756E26100BAA345 /* Build configuration list for PBXNativeTarget "LandmarksUITests" */ = {
			isa = XCConfigurationList;
			buildConfigurations = (
				F69025CB2756E26100BAA345 /* Debug */,
				F69025CC2756E26100BAA345 /* Release */,
			);
			defaultConfigurationIsVisible = 0;
			defaultConfigurationName = Release;
		};
/* End XCConfigurationList section */
	};
	rootObject = F69025982756E25B00BAA345 /* Project object */;
}
